{
  "name": "fcp-system-testing",
  "version": "1.0.0",
  "lockfileVersion": 1,
  "requires": true,
  "dependencies": {
    "@types/luxon": {
      "version": "2.3.0",
      "resolved": "https://registry.npmjs.org/@types/luxon/-/luxon-2.3.0.tgz",
      "integrity": "sha512-mWXdRlg+5dWvxU+uaijB2RY5NrJtMEXR6j+D6W66hPuezSVXrQqQvWa/JNHntgEYgjzeoVRrQVmMWAbKjUJiFQ==",
      "dev": true
    }
  }
}
